// !$*UTF8*$!
{
	archiveVersion = 1;
	classes = {
	};
	objectVersion = 50;
	objects = {

/* Begin PBXBuildFile section */
		FB20584925DC061E00D65915 /* AppDelegate.swift in Sources */ = {isa = PBXBuildFile; fileRef = FB20584825DC061E00D65915 /* AppDelegate.swift */; };
		FB20584B25DC061E00D65915 /* SceneDelegate.swift in Sources */ = {isa = PBXBuildFile; fileRef = FB20584A25DC061E00D65915 /* SceneDelegate.swift */; };
		FB20585025DC061E00D65915 /* Main.storyboard in Resources */ = {isa = PBXBuildFile; fileRef = FB20584E25DC061E00D65915 /* Main.storyboard */; };
		FB20585225DC062000D65915 /* Assets.xcassets in Resources */ = {isa = PBXBuildFile; fileRef = FB20585125DC062000D65915 /* Assets.xcassets */; };
		FB20585525DC062000D65915 /* LaunchScreen.storyboard in Resources */ = {isa = PBXBuildFile; fileRef = FB20585325DC062000D65915 /* LaunchScreen.storyboard */; };
		FB20585F25DC3AA600D65915 /* NetworkService.swift in Sources */ = {isa = PBXBuildFile; fileRef = FB20585E25DC3AA600D65915 /* NetworkService.swift */; };
		FB20586225DC3B4900D65915 /* NetworkParameters.swift in Sources */ = {isa = PBXBuildFile; fileRef = FB20586125DC3B4900D65915 /* NetworkParameters.swift */; };
		FB20586525DC3D6E00D65915 /* WeatherData.swift in Sources */ = {isa = PBXBuildFile; fileRef = FB20586425DC3D6E00D65915 /* WeatherData.swift */; };
		FB20586D25DC427500D65915 /* MainTableViewController.swift in Sources */ = {isa = PBXBuildFile; fileRef = FB20586C25DC427500D65915 /* MainTableViewController.swift */; };
		FB20587025DC451200D65915 /* DetailViewController.swift in Sources */ = {isa = PBXBuildFile; fileRef = FB20586F25DC451200D65915 /* DetailViewController.swift */; };
		FB20587425DC45CE00D65915 /* WeatherMainTableViewCell.swift in Sources */ = {isa = PBXBuildFile; fileRef = FB20587325DC45CE00D65915 /* WeatherMainTableViewCell.swift */; };
		FB3E13C825DD656200AD49CB /* Extensions.swift in Sources */ = {isa = PBXBuildFile; fileRef = FB3E13C725DD656200AD49CB /* Extensions.swift */; };
		FBD8112D25DC834E0005636D /* LocationService.swift in Sources */ = {isa = PBXBuildFile; fileRef = FBD8112C25DC834E0005636D /* LocationService.swift */; };
/* End PBXBuildFile section */

/* Begin PBXFileReference section */
		FB20584525DC061E00D65915 /* WeatherApp.app */ = {isa = PBXFileReference; explicitFileType = wrapper.application; includeInIndex = 0; path = WeatherApp.app; sourceTree = BUILT_PRODUCTS_DIR; };
		FB20584825DC061E00D65915 /* AppDelegate.swift */ = {isa = PBXFileReference; lastKnownFileType = sourcecode.swift; path = AppDelegate.swift; sourceTree = "<group>"; };
		FB20584A25DC061E00D65915 /* SceneDelegate.swift */ = {isa = PBXFileReference; lastKnownFileType = sourcecode.swift; path = SceneDelegate.swift; sourceTree = "<group>"; };
		FB20584F25DC061E00D65915 /* Base */ = {isa = PBXFileReference; lastKnownFileType = file.storyboard; name = Base; path = Base.lproj/Main.storyboard; sourceTree = "<group>"; };
		FB20585125DC062000D65915 /* Assets.xcassets */ = {isa = PBXFileReference; lastKnownFileType = folder.assetcatalog; path = Assets.xcassets; sourceTree = "<group>"; };
		FB20585425DC062000D65915 /* Base */ = {isa = PBXFileReference; lastKnownFileType = file.storyboard; name = Base; path = Base.lproj/LaunchScreen.storyboard; sourceTree = "<group>"; };
		FB20585625DC062000D65915 /* Info.plist */ = {isa = PBXFileReference; lastKnownFileType = text.plist.xml; path = Info.plist; sourceTree = "<group>"; };
		FB20585E25DC3AA600D65915 /* NetworkService.swift */ = {isa = PBXFileReference; lastKnownFileType = sourcecode.swift; path = NetworkService.swift; sourceTree = "<group>"; };
		FB20586125DC3B4900D65915 /* NetworkParameters.swift */ = {isa = PBXFileReference; lastKnownFileType = sourcecode.swift; path = NetworkParameters.swift; sourceTree = "<group>"; };
		FB20586425DC3D6E00D65915 /* WeatherData.swift */ = {isa = PBXFileReference; lastKnownFileType = sourcecode.swift; path = WeatherData.swift; sourceTree = "<group>"; };
		FB20586C25DC427500D65915 /* MainTableViewController.swift */ = {isa = PBXFileReference; lastKnownFileType = sourcecode.swift; path = MainTableViewController.swift; sourceTree = "<group>"; };
		FB20586F25DC451200D65915 /* DetailViewController.swift */ = {isa = PBXFileReference; lastKnownFileType = sourcecode.swift; path = DetailViewController.swift; sourceTree = "<group>"; };
		FB20587325DC45CE00D65915 /* WeatherMainTableViewCell.swift */ = {isa = PBXFileReference; lastKnownFileType = sourcecode.swift; path = WeatherMainTableViewCell.swift; sourceTree = "<group>"; };
		FB3E13C725DD656200AD49CB /* Extensions.swift */ = {isa = PBXFileReference; lastKnownFileType = sourcecode.swift; path = Extensions.swift; sourceTree = "<group>"; };
		FBD8112C25DC834E0005636D /* LocationService.swift */ = {isa = PBXFileReference; lastKnownFileType = sourcecode.swift; path = LocationService.swift; sourceTree = "<group>"; };
/* End PBXFileReference section */

/* Begin PBXFrameworksBuildPhase section */
		FB20584225DC061E00D65915 /* Frameworks */ = {
			isa = PBXFrameworksBuildPhase;
			buildActionMask = 2147483647;
			files = (
			);
			runOnlyForDeploymentPostprocessing = 0;
		};
/* End PBXFrameworksBuildPhase section */

/* Begin PBXGroup section */
		FB20583C25DC061E00D65915 = {
			isa = PBXGroup;
			children = (
				FB20584725DC061E00D65915 /* WeatherApp */,
				FB20584625DC061E00D65915 /* Products */,
			);
			sourceTree = "<group>";
		};
		FB20584625DC061E00D65915 /* Products */ = {
			isa = PBXGroup;
			children = (
				FB20584525DC061E00D65915 /* WeatherApp.app */,
			);
			name = Products;
			sourceTree = "<group>";
		};
		FB20584725DC061E00D65915 /* WeatherApp */ = {
			isa = PBXGroup;
			children = (
				FB20587825DC48B100D65915 /* View */,
				FB20587B25DC4AEC00D65915 /* Service */,
				FB20587925DC48DC00D65915 /* Parameters */,
				FB20587725DC486300D65915 /* Model */,
				FB20585125DC062000D65915 /* Assets.xcassets */,
				FB20585625DC062000D65915 /* Info.plist */,
				FB20584825DC061E00D65915 /* AppDelegate.swift */,
				FB20584A25DC061E00D65915 /* SceneDelegate.swift */,
			);
			path = WeatherApp;
			sourceTree = "<group>";
		};
		FB20587725DC486300D65915 /* Model */ = {
			isa = PBXGroup;
			children = (
				FB20586425DC3D6E00D65915 /* WeatherData.swift */,
			);
			path = Model;
			sourceTree = "<group>";
		};
		FB20587825DC48B100D65915 /* View */ = {
			isa = PBXGroup;
			children = (
				FB20586C25DC427500D65915 /* MainTableViewController.swift */,
				FB20586F25DC451200D65915 /* DetailViewController.swift */,
				FB20587325DC45CE00D65915 /* WeatherMainTableViewCell.swift */,
				FB20584E25DC061E00D65915 /* Main.storyboard */,
				FB20585325DC062000D65915 /* LaunchScreen.storyboard */,
				FB3E13C725DD656200AD49CB /* Extensions.swift */,
			);
			path = View;
			sourceTree = "<group>";
		};
		FB20587925DC48DC00D65915 /* Parameters */ = {
			isa = PBXGroup;
			children = (
				FB20586125DC3B4900D65915 /* NetworkParameters.swift */,
			);
			path = Parameters;
			sourceTree = "<group>";
		};
		FB20587B25DC4AEC00D65915 /* Service */ = {
			isa = PBXGroup;
			children = (
				FB20585E25DC3AA600D65915 /* NetworkService.swift */,
				FBD8112C25DC834E0005636D /* LocationService.swift */,
			);
			path = Service;
			sourceTree = "<group>";
		};
/* End PBXGroup section */

/* Begin PBXNativeTarget section */
		FB20584425DC061E00D65915 /* WeatherApp */ = {
			isa = PBXNativeTarget;
			buildConfigurationList = FB20585925DC062000D65915 /* Build configuration list for PBXNativeTarget "WeatherApp" */;
			buildPhases = (
				FB20584125DC061E00D65915 /* Sources */,
				FB20584225DC061E00D65915 /* Frameworks */,
				FB20584325DC061E00D65915 /* Resources */,
			);
			buildRules = (
			);
			dependencies = (
			);
			name = WeatherApp;
			productName = WeatherApp;
			productReference = FB20584525DC061E00D65915 /* WeatherApp.app */;
			productType = "com.apple.product-type.application";
		};
/* End PBXNativeTarget section */

/* Begin PBXProject section */
		FB20583D25DC061E00D65915 /* Project object */ = {
			isa = PBXProject;
			attributes = {
				LastSwiftUpdateCheck = 1240;
				LastUpgradeCheck = 1240;
				TargetAttributes = {
					FB20584425DC061E00D65915 = {
						CreatedOnToolsVersion = 12.4;
					};
				};
			};
			buildConfigurationList = FB20584025DC061E00D65915 /* Build configuration list for PBXProject "WeatherApp" */;
			compatibilityVersion = "Xcode 9.3";
			developmentRegion = en;
			hasScannedForEncodings = 0;
			knownRegions = (
				en,
				Base,
			);
			mainGroup = FB20583C25DC061E00D65915;
			productRefGroup = FB20584625DC061E00D65915 /* Products */;
			projectDirPath = "";
			projectRoot = "";
			targets = (
				FB20584425DC061E00D65915 /* WeatherApp */,
			);
		};
/* End PBXProject section */

/* Begin PBXResourcesBuildPhase section */
		FB20584325DC061E00D65915 /* Resources */ = {
			isa = PBXResourcesBuildPhase;
			buildActionMask = 2147483647;
			files = (
				FB20585525DC062000D65915 /* LaunchScreen.storyboard in Resources */,
				FB20585225DC062000D65915 /* Assets.xcassets in Resources */,
				FB20585025DC061E00D65915 /* Main.storyboard in Resources */,
			);
			runOnlyForDeploymentPostprocessing = 0;
		};
/* End PBXResourcesBuildPhase section */

/* Begin PBXSourcesBuildPhase section */
		FB20584125DC061E00D65915 /* Sources */ = {
			isa = PBXSourcesBuildPhase;
			buildActionMask = 2147483647;
			files = (
				FB20586525DC3D6E00D65915 /* WeatherData.swift in Sources */,
				FB20584925DC061E00D65915 /* AppDelegate.swift in Sources */,
				FB20586225DC3B4900D65915 /* NetworkParameters.swift in Sources */,
				FB20585F25DC3AA600D65915 /* NetworkService.swift in Sources */,
				FB20586D25DC427500D65915 /* MainTableViewController.swift in Sources */,
				FB3E13C825DD656200AD49CB /* Extensions.swift in Sources */,
				FB20584B25DC061E00D65915 /* SceneDelegate.swift in Sources */,
				FB20587025DC451200D65915 /* DetailViewController.swift in Sources */,
				FBD8112D25DC834E0005636D /* LocationService.swift in Sources */,
				FB20587425DC45CE00D65915 /* WeatherMainTableViewCell.swift in Sources */,
			);
			runOnlyForDeploymentPostprocessing = 0;
		};
/* End PBXSourcesBuildPhase section */

/* Begin PBXVariantGroup section */
		FB20584E25DC061E00D65915 /* Main.storyboard */ = {
			isa = PBXVariantGroup;
			children = (
				FB20584F25DC061E00D65915 /* Base */,
			);
			name = Main.storyboard;
			sourceTree = "<group>";
		};
		FB20585325DC062000D65915 /* LaunchScreen.storyboard */ = {
			isa = PBXVariantGroup;
			children = (
				FB20585425DC062000D65915 /* Base */,
			);
			name = LaunchScreen.storyboard;
			sourceTree = "<group>";
		};
/* End PBXVariantGroup section */

/* Begin XCBuildConfiguration section */
		FB20585725DC062000D65915 /* Debug */ = {
			isa = XCBuildConfiguration;
			buildSettings = {
				ALWAYS_SEARCH_USER_PATHS = NO;
				CLANG_ANALYZER_NONNULL = YES;
				CLANG_ANALYZER_NUMBER_OBJECT_CONVERSION = YES_AGGRESSIVE;
				CLANG_CXX_LANGUAGE_STANDARD = "gnu++14";
				CLANG_CXX_LIBRARY = "libc++";
				CLANG_ENABLE_MODULES = YES;
				CLANG_ENABLE_OBJC_ARC = YES;
				CLANG_ENABLE_OBJC_WEAK = YES;
				CLANG_WARN_BLOCK_CAPTURE_AUTORELEASING = YES;
				CLANG_WARN_BOOL_CONVERSION = YES;
				CLANG_WARN_COMMA = YES;
				CLANG_WARN_CONSTANT_CONVERSION = YES;
				CLANG_WARN_DEPRECATED_OBJC_IMPLEMENTATIONS = YES;
				CLANG_WARN_DIRECT_OBJC_ISA_USAGE = YES_ERROR;
				CLANG_WARN_DOCUMENTATION_COMMENTS = YES;
				CLANG_WARN_EMPTY_BODY = YES;
				CLANG_WARN_ENUM_CONVERSION = YES;
				CLANG_WARN_INFINITE_RECURSION = YES;
				CLANG_WARN_INT_CONVERSION = YES;
				CLANG_WARN_NON_LITERAL_NULL_CONVERSION = YES;
				CLANG_WARN_OBJC_IMPLICIT_RETAIN_SELF = YES;
				CLANG_WARN_OBJC_LITERAL_CONVERSION = YES;
				CLANG_WARN_OBJC_ROOT_CLASS = YES_ERROR;
				CLANG_WARN_QUOTED_INCLUDE_IN_FRAMEWORK_HEADER = YES;
				CLANG_WARN_RANGE_LOOP_ANALYSIS = YES;
				CLANG_WARN_STRICT_PROTOTYPES = YES;
				CLANG_WARN_SUSPICIOUS_MOVE = YES;
				CLANG_WARN_UNGUARDED_AVAILABILITY = YES_AGGRESSIVE;
				CLANG_WARN_UNREACHABLE_CODE = YES;
				CLANG_WARN__DUPLICATE_METHOD_MATCH = YES;
				COPY_PHASE_STRIP = NO;
				DEBUG_INFORMATION_FORMAT = dwarf;
				ENABLE_STRICT_OBJC_MSGSEND = YES;
				ENABLE_TESTABILITY = YES;
				GCC_C_LANGUAGE_STANDARD = gnu11;
				GCC_DYNAMIC_NO_PIC = NO;
				GCC_NO_COMMON_BLOCKS = YES;
				GCC_OPTIMIZATION_LEVEL = 0;
				GCC_PREPROCESSOR_DEFINITIONS = (
					"DEBUG=1",
					"$(inherited)",
				);
				GCC_WARN_64_TO_32_BIT_CONVERSION = YES;
				GCC_WARN_ABOUT_RETURN_TYPE = YES_ERROR;
				GCC_WARN_UNDECLARED_SELECTOR = YES;
				GCC_WARN_UNINITIALIZED_AUTOS = YES_AGGRESSIVE;
				GCC_WARN_UNUSED_FUNCTION = YES;
				GCC_WARN_UNUSED_VARIABLE = YES;
				IPHONEOS_DEPLOYMENT_TARGET = 14.4;
				MTL_ENABLE_DEBUG_INFO = INCLUDE_SOURCE;
				MTL_FAST_MATH = YES;
				ONLY_ACTIVE_ARCH = YES;
				SDKROOT = iphoneos;
				SWIFT_ACTIVE_COMPILATION_CONDITIONS = DEBUG;
				SWIFT_OPTIMIZATION_LEVEL = "-Onone";
			};
			name = Debug;
		};
		FB20585825DC062000D65915 /* Release */ = {
			isa = XCBuildConfiguration;
			buildSettings = {
				ALWAYS_SEARCH_USER_PATHS = NO;
				CLANG_ANALYZER_NONNULL = YES;
				CLANG_ANALYZER_NUMBER_OBJECT_CONVERSION = YES_AGGRESSIVE;
				CLANG_CXX_LANGUAGE_STANDARD = "gnu++14";
				CLANG_CXX_LIBRARY = "libc++";
				CLANG_ENABLE_MODULES = YES;
				CLANG_ENABLE_OBJC_ARC = YES;
				CLANG_ENABLE_OBJC_WEAK = YES;
				CLANG_WARN_BLOCK_CAPTURE_AUTORELEASING = YES;
				CLANG_WARN_BOOL_CONVERSION = YES;
				CLANG_WARN_COMMA = YES;
				CLANG_WARN_CONSTANT_CONVERSION = YES;
				CLANG_WARN_DEPRECATED_OBJC_IMPLEMENTATIONS = YES;
				CLANG_WARN_DIRECT_OBJC_ISA_USAGE = YES_ERROR;
				CLANG_WARN_DOCUMENTATION_COMMENTS = YES;
				CLANG_WARN_EMPTY_BODY = YES;
				CLANG_WARN_ENUM_CONVERSION = YES;
				CLANG_WARN_INFINITE_RECURSION = YES;
				CLANG_WARN_INT_CONVERSION = YES;
				CLANG_WARN_NON_LITERAL_NULL_CONVERSION = YES;
				CLANG_WARN_OBJC_IMPLICIT_RETAIN_SELF = YES;
				CLANG_WARN_OBJC_LITERAL_CONVERSION = YES;
				CLANG_WARN_OBJC_ROOT_CLASS = YES_ERROR;
				CLANG_WARN_QUOTED_INCLUDE_IN_FRAMEWORK_HEADER = YES;
				CLANG_WARN_RANGE_LOOP_ANALYSIS = YES;
				CLANG_WARN_STRICT_PROTOTYPES = YES;
				CLANG_WARN_SUSPICIOUS_MOVE = YES;
				CLANG_WARN_UNGUARDED_AVAILABILITY = YES_AGGRESSIVE;
				CLANG_WARN_UNREACHABLE_CODE = YES;
				CLANG_WARN__DUPLICATE_METHOD_MATCH = YES;
				COPY_PHASE_STRIP = NO;
				DEBUG_INFORMATION_FORMAT = "dwarf-with-dsym";
				ENABLE_NS_ASSERTIONS = NO;
				ENABLE_STRICT_OBJC_MSGSEND = YES;
				GCC_C_LANGUAGE_STANDARD = gnu11;
				GCC_NO_COMMON_BLOCKS = YES;
				GCC_WARN_64_TO_32_BIT_CONVERSION = YES;
				GCC_WARN_ABOUT_RETURN_TYPE = YES_ERROR;
				GCC_WARN_UNDECLARED_SELECTOR = YES;
				GCC_WARN_UNINITIALIZED_AUTOS = YES_AGGRESSIVE;
				GCC_WARN_UNUSED_FUNCTION = YES;
				GCC_WARN_UNUSED_VARIABLE = YES;
				IPHONEOS_DEPLOYMENT_TARGET = 14.4;
				MTL_ENABLE_DEBUG_INFO = NO;
				MTL_FAST_MATH = YES;
				SDKROOT = iphoneos;
				SWIFT_COMPILATION_MODE = wholemodule;
				SWIFT_OPTIMIZATION_LEVEL = "-O";
				VALIDATE_PRODUCT = YES;
			};
			name = Release;
		};
		FB20585A25DC062000D65915 /* Debug */ = {
			isa = XCBuildConfiguration;
			buildSettings = {
				ASSETCATALOG_COMPILER_APPICON_NAME = AppIcon;
				ASSETCATALOG_COMPILER_GLOBAL_ACCENT_COLOR_NAME = AccentColor;
				CODE_SIGN_STYLE = Automatic;
				INFOPLIST_FILE = WeatherApp/Info.plist;
				IPHONEOS_DEPLOYMENT_TARGET = 13.6;
				LD_RUNPATH_SEARCH_PATHS = (
					"$(inherited)",
					"@executable_path/Frameworks",
				);
				PRODUCT_BUNDLE_IDENTIFIER = kirrealdev.WeatherApp;
				PRODUCT_NAME = "$(TARGET_NAME)";
				SWIFT_VERSION = 5.0;
				TARGETED_DEVICE_FAMILY = 1;
			};
			name = Debug;
		};
		FB20585B25DC062000D65915 /* Release */ = {
			isa = XCBuildConfiguration;
			buildSettings = {
				ASSETCATALOG_COMPILER_APPICON_NAME = AppIcon;
				ASSETCATALOG_COMPILER_GLOBAL_ACCENT_COLOR_NAME = AccentColor;
				CODE_SIGN_STYLE = Automatic;
				INFOPLIST_FILE = WeatherApp/Info.plist;
				IPHONEOS_DEPLOYMENT_TARGET = 13.6;
				LD_RUNPATH_SEARCH_PATHS = (
					"$(inherited)",
					"@executable_path/Frameworks",
				);
				PRODUCT_BUNDLE_IDENTIFIER = kirrealdev.WeatherApp;
				PRODUCT_NAME = "$(TARGET_NAME)";
				SWIFT_VERSION = 5.0;
				TARGETED_DEVICE_FAMILY = 1;
			};
			name = Release;
		};
/* End XCBuildConfiguration section */

/* Begin XCConfigurationList section */
		FB20584025DC061E00D65915 /* Build configuration list for PBXProject "WeatherApp" */ = {
			isa = XCConfigurationList;
			buildConfigurations = (
				FB20585725DC062000D65915 /* Debug */,
				FB20585825DC062000D65915 /* Release */,
			);
			defaultConfigurationIsVisible = 0;
			defaultConfigurationName = Release;
		};
		FB20585925DC062000D65915 /* Build configuration list for PBXNativeTarget "WeatherApp" */ = {
			isa = XCConfigurationList;
			buildConfigurations = (
				FB20585A25DC062000D65915 /* Debug */,
				FB20585B25DC062000D65915 /* Release */,
			);
			defaultConfigurationIsVisible = 0;
			defaultConfigurationName = Release;
		};
/* End XCConfigurationList section */
	};
	rootObject = FB20583D25DC061E00D65915 /* Project object */;
}
